
Microsoft Visual Studio Solution File, Format Version 12.00
# Visual Studio 15
VisualStudioVersion = 15.0.27703.2047
MinimumVisualStudioVersion = 10.0.40219.1
Project("{FAE04EC0-301F-11D3-BF4B-00C04F79EFBC}") = "App1.Android", "App1\App1.Android\App1.Android.csproj", "{CFC90ECC-7AA8-46A4-B147-BDCC3E92DB2D}"
EndProject
Project("{FAE04EC0-301F-11D3-BF4B-00C04F79EFBC}") = "App1.iOS", "App1\App1.iOS\App1.iOS.csproj", "{7B9C8FAA-0D72-4B50-90AF-355BDFB2111D}"
EndProject
Project("{FAE04EC0-301F-11D3-BF4B-00C04F79EFBC}") = "App1", "App1\App1\App1.csproj", "{3B44C075-3697-47DC-A26F-A6FCDFC7B9B6}"
EndProject
Global
	GlobalSection(SolutionConfigurationPlatforms) = preSolution
		Debug|Any CPU = Debug|Any CPU
		Debug|iPhone = Debug|iPhone
		Debug|iPhoneSimulator = Debug|iPhoneSimulator
		Release|Any CPU = Release|Any CPU
		Release|iPhone = Release|iPhone
		Release|iPhoneSimulator = Release|iPhoneSimulator
	EndGlobalSection
	GlobalSection(ProjectConfigurationPlatforms) = postSolution
		{CFC90ECC-7AA8-46A4-B147-BDCC3E92DB2D}.Debug|Any CPU.ActiveCfg = Debug|Any CPU
		{CFC90ECC-7AA8-46A4-B147-BDCC3E92DB2D}.Debug|Any CPU.Build.0 = Debug|Any CPU
		{CFC90ECC-7AA8-46A4-B147-BDCC3E92DB2D}.Debug|Any CPU.Deploy.0 = Debug|Any CPU
		{CFC90ECC-7AA8-46A4-B147-BDCC3E92DB2D}.Debug|iPhone.ActiveCfg = Debug|Any CPU
		{CFC90ECC-7AA8-46A4-B147-BDCC3E92DB2D}.Debug|iPhone.Build.0 = Debug|Any CPU
		{CFC90ECC-7AA8-46A4-B147-BDCC3E92DB2D}.Debug|iPhone.Deploy.0 = Debug|Any CPU
		{CFC90ECC-7AA8-46A4-B147-BDCC3E92DB2D}.Debug|iPhoneSimulator.ActiveCfg = Debug|Any CPU
		{CFC90ECC-7AA8-46A4-B147-BDCC3E92DB2D}.Debug|iPhoneSimulator.Build.0 = Debug|Any CPU
		{CFC90ECC-7AA8-46A4-B147-BDCC3E92DB2D}.Debug|iPhoneSimulator.Deploy.0 = Debug|Any CPU
		{CFC90ECC-7AA8-46A4-B147-BDCC3E92DB2D}.Release|Any CPU.ActiveCfg = Release|Any CPU
		{CFC90ECC-7AA8-46A4-B147-BDCC3E92DB2D}.Release|Any CPU.Build.0 = Release|Any CPU
		{CFC90ECC-7AA8-46A4-B147-BDCC3E92DB2D}.Release|Any CPU.Deploy.0 = Release|Any CPU
		{CFC90ECC-7AA8-46A4-B147-BDCC3E92DB2D}.Release|iPhone.ActiveCfg = Release|Any CPU
		{CFC90ECC-7AA8-46A4-B147-BDCC3E92DB2D}.Release|iPhone.Build.0 = Release|Any CPU
		{CFC90ECC-7AA8-46A4-B147-BDCC3E92DB2D}.Release|iPhone.Deploy.0 = Release|Any CPU
		{CFC90ECC-7AA8-46A4-B147-BDCC3E92DB2D}.Release|iPhoneSimulator.ActiveCfg = Release|Any CPU
		{CFC90ECC-7AA8-46A4-B147-BDCC3E92DB2D}.Release|iPhoneSimulator.Build.0 = Release|Any CPU
		{CFC90ECC-7AA8-46A4-B147-BDCC3E92DB2D}.Release|iPhoneSimulator.Deploy.0 = Release|Any CPU
		{7B9C8FAA-0D72-4B50-90AF-355BDFB2111D}.Debug|Any CPU.ActiveCfg = Debug|iPhoneSimulator
		{7B9C8FAA-0D72-4B50-90AF-355BDFB2111D}.Debug|Any CPU.Build.0 = Debug|iPhoneSimulator
		{7B9C8FAA-0D72-4B50-90AF-355BDFB2111D}.Debug|Any CPU.Deploy.0 = Debug|iPhoneSimulator
		{7B9C8FAA-0D72-4B50-90AF-355BDFB2111D}.Debug|iPhone.ActiveCfg = Debug|iPhone
		{7B9C8FAA-0D72-4B50-90AF-355BDFB2111D}.Debug|iPhone.Build.0 = Debug|iPhone
		{7B9C8FAA-0D72-4B50-90AF-355BDFB2111D}.Debug|iPhone.Deploy.0 = Debug|iPhone
		{7B9C8FAA-0D72-4B50-90AF-355BDFB2111D}.Debug|iPhoneSimulator.ActiveCfg = Debug|iPhoneSimulator
		{7B9C8FAA-0D72-4B50-90AF-355BDFB2111D}.Debug|iPhoneSimulator.Build.0 = Debug|iPhoneSimulator
		{7B9C8FAA-0D72-4B50-90AF-355BDFB2111D}.Debug|iPhoneSimulator.Deploy.0 = Debug|iPhoneSimulator
		{7B9C8FAA-0D72-4B50-90AF-355BDFB2111D}.Release|Any CPU.ActiveCfg = Release|iPhone
		{7B9C8FAA-0D72-4B50-90AF-355BDFB2111D}.Release|Any CPU.Build.0 = Release|iPhone
		{7B9C8FAA-0D72-4B50-90AF-355BDFB2111D}.Release|Any CPU.Deploy.0 = Release|iPhone
		{7B9C8FAA-0D72-4B50-90AF-355BDFB2111D}.Release|iPhone.ActiveCfg = Release|iPhone
		{7B9C8FAA-0D72-4B50-90AF-355BDFB2111D}.Release|iPhone.Build.0 = Release|iPhone
		{7B9C8FAA-0D72-4B50-90AF-355BDFB2111D}.Release|iPhone.Deploy.0 = Release|iPhone
		{7B9C8FAA-0D72-4B50-90AF-355BDFB2111D}.Release|iPhoneSimulator.ActiveCfg = Release|iPhoneSimulator
		{7B9C8FAA-0D72-4B50-90AF-355BDFB2111D}.Release|iPhoneSimulator.Build.0 = Release|iPhoneSimulator
		{7B9C8FAA-0D72-4B50-90AF-355BDFB2111D}.Release|iPhoneSimulator.Deploy.0 = Release|iPhoneSimulator
		{3B44C075-3697-47DC-A26F-A6FCDFC7B9B6}.Debug|Any CPU.ActiveCfg = Debug|Any CPU
		{3B44C075-3697-47DC-A26F-A6FCDFC7B9B6}.Debug|Any CPU.Build.0 = Debug|Any CPU
		{3B44C075-3697-47DC-A26F-A6FCDFC7B9B6}.Debug|Any CPU.Deploy.0 = Debug|Any CPU
		{3B44C075-3697-47DC-A26F-A6FCDFC7B9B6}.Debug|iPhone.ActiveCfg = Debug|Any CPU
		{3B44C075-3697-47DC-A26F-A6FCDFC7B9B6}.Debug|iPhone.Build.0 = Debug|Any CPU
		{3B44C075-3697-47DC-A26F-A6FCDFC7B9B6}.Debug|iPhone.Deploy.0 = Debug|Any CPU
		{3B44C075-3697-47DC-A26F-A6FCDFC7B9B6}.Debug|iPhoneSimulator.ActiveCfg = Debug|Any CPU
		{3B44C075-3697-47DC-A26F-A6FCDFC7B9B6}.Debug|iPhoneSimulator.Build.0 = Debug|Any CPU
		{3B44C075-3697-47DC-A26F-A6FCDFC7B9B6}.Debug|iPhoneSimulator.Deploy.0 = Debug|Any CPU
		{3B44C075-3697-47DC-A26F-A6FCDFC7B9B6}.Release|Any CPU.ActiveCfg = Release|Any CPU
		{3B44C075-3697-47DC-A26F-A6FCDFC7B9B6}.Release|Any CPU.Build.0 = Release|Any CPU
		{3B44C075-3697-47DC-A26F-A6FCDFC7B9B6}.Release|Any CPU.Deploy.0 = Release|Any CPU
		{3B44C075-3697-47DC-A26F-A6FCDFC7B9B6}.Release|iPhone.ActiveCfg = Release|Any CPU
		{3B44C075-3697-47DC-A26F-A6FCDFC7B9B6}.Release|iPhone.Build.0 = Release|Any CPU
		{3B44C075-3697-47DC-A26F-A6FCDFC7B9B6}.Release|iPhone.Deploy.0 = Release|Any CPU
		{3B44C075-3697-47DC-A26F-A6FCDFC7B9B6}.Release|iPhoneSimulator.ActiveCfg = Release|Any CPU
		{3B44C075-3697-47DC-A26F-A6FCDFC7B9B6}.Release|iPhoneSimulator.Build.0 = Release|Any CPU
		{3B44C075-3697-47DC-A26F-A6FCDFC7B9B6}.Release|iPhoneSimulator.Deploy.0 = Release|Any CPU
	EndGlobalSection
	GlobalSection(SolutionProperties) = preSolution
		HideSolutionNode = FALSE
	EndGlobalSection
	GlobalSection(ExtensibilityGlobals) = postSolution
		SolutionGuid = {9B971E26-6369-4BD5-984E-7B16BF7117DD}
	EndGlobalSection
EndGlobal
